
Microsoft Visual Studio Solution File, Format Version 12.00
# Visual Studio Version 17
VisualStudioVersion = 17.9.34723.18
MinimumVisualStudioVersion = 10.0.40219.1
Project("{2150E333-8FDC-42A3-9474-1A3956D46DE8}") = "src", "src", "{4C13A0C8-8B2E-4383-A423-617A9F7C4026}"
EndProject
Project("{2150E333-8FDC-42A3-9474-1A3956D46DE8}") = "tests", "tests", "{70B2322D-4415-44F5-A921-65ACC4DD05DB}"
EndProject
Project("{9A19103F-16F7-4668-BE54-9A1E7A4F7556}") = "MoizPos", "src\MoizPos\MoizPos.csproj", "{11AA4DA7-A259-4C97-8B13-A2D98E96E8F0}"
EndProject
Project("{9A19103F-16F7-4668-BE54-9A1E7A4F7556}") = "MoizPos.UnitTests", "tests\MoizPos.UnitTests\MoizPos.UnitTests.csproj", "{F5046846-7818-4C6D-B3FE-7A019472D91D}"
EndProject
Project("{9A19103F-16F7-4668-BE54-9A1E7A4F7556}") = "MoizPos.IntegrationTests", "tests\MoizPos.IntegrationTests\MoizPos.IntegrationTests.csproj", "{895F6085-E813-4839-9728-71A00E85FA6E}"
EndProject
Project("{9A19103F-16F7-4668-BE54-9A1E7A4F7556}") = "MoizPos.ArchitectureTests", "tests\MoizPos.ArchitectureTests\MoizPos.ArchitectureTests.csproj", "{13356149-61F2-4DB3-905D-C99C7FE15E19}"
EndProject
Global
	GlobalSection(SolutionConfigurationPlatforms) = preSolution
		Debug|Any CPU = Debug|Any CPU
		Release|Any CPU = Release|Any CPU
	EndGlobalSection
	GlobalSection(ProjectConfigurationPlatforms) = postSolution
		{11AA4DA7-A259-4C97-8B13-A2D98E96E8F0}.Debug|Any CPU.ActiveCfg = Debug|Any CPU
		{11AA4DA7-A259-4C97-8B13-A2D98E96E8F0}.Debug|Any CPU.Build.0 = Debug|Any CPU
		{11AA4DA7-A259-4C97-8B13-A2D98E96E8F0}.Release|Any CPU.ActiveCfg = Release|Any CPU
		{11AA4DA7-A259-4C97-8B13-A2D98E96E8F0}.Release|Any CPU.Build.0 = Release|Any CPU
		{F5046846-7818-4C6D-B3FE-7A019472D91D}.Debug|Any CPU.ActiveCfg = Debug|Any CPU
		{F5046846-7818-4C6D-B3FE-7A019472D91D}.Debug|Any CPU.Build.0 = Debug|Any CPU
		{F5046846-7818-4C6D-B3FE-7A019472D91D}.Release|Any CPU.ActiveCfg = Release|Any CPU
		{F5046846-7818-4C6D-B3FE-7A019472D91D}.Release|Any CPU.Build.0 = Release|Any CPU
		{895F6085-E813-4839-9728-71A00E85FA6E}.Debug|Any CPU.ActiveCfg = Debug|Any CPU
		{895F6085-E813-4839-9728-71A00E85FA6E}.Debug|Any CPU.Build.0 = Debug|Any CPU
		{895F6085-E813-4839-9728-71A00E85FA6E}.Release|Any CPU.ActiveCfg = Release|Any CPU
		{895F6085-E813-4839-9728-71A00E85FA6E}.Release|Any CPU.Build.0 = Release|Any CPU
		{13356149-61F2-4DB3-905D-C99C7FE15E19}.Debug|Any CPU.ActiveCfg = Debug|Any CPU
		{13356149-61F2-4DB3-905D-C99C7FE15E19}.Debug|Any CPU.Build.0 = Debug|Any CPU
		{13356149-61F2-4DB3-905D-C99C7FE15E19}.Release|Any CPU.ActiveCfg = Release|Any CPU
		{13356149-61F2-4DB3-905D-C99C7FE15E19}.Release|Any CPU.Build.0 = Release|Any CPU
	EndGlobalSection
	GlobalSection(SolutionProperties) = preSolution
		HideSolutionNode = FALSE
	EndGlobalSection
	GlobalSection(NestedProjects) = preSolution
		{11AA4DA7-A259-4C97-8B13-A2D98E96E8F0} = {4C13A0C8-8B2E-4383-A423-617A9F7C4026}
		{F5046846-7818-4C6D-B3FE-7A019472D91D} = {70B2322D-4415-44F5-A921-65ACC4DD05DB}
		{895F6085-E813-4839-9728-71A00E85FA6E} = {70B2322D-4415-44F5-A921-65ACC4DD05DB}
		{13356149-61F2-4DB3-905D-C99C7FE15E19} = {70B2322D-4415-44F5-A921-65ACC4DD05DB}
	EndGlobalSection
	GlobalSection(ExtensibilityGlobals) = postSolution
		SolutionGuid = {A3E8FB00-682A-437B-8C7C-4B1986798855}
	EndGlobalSection
EndGlobal
